// !$*UTF8*$!
{
	archiveVersion = 1;
	classes = {
	};
	objectVersion = 56;
	objects = {

/* Begin PBXBuildFile section */
		7C4902E928DADDB50098B549 /* _0220921swiftUItestApp.swift in Sources */ = {isa = PBXBuildFile; fileRef = 7C4902E828DADDB50098B549 /* _0220921swiftUItestApp.swift */; };
		7C4902EB28DADDB50098B549 /* ContentView.swift in Sources */ = {isa = PBXBuildFile; fileRef = 7C4902EA28DADDB50098B549 /* ContentView.swift */; };
		7C4902ED28DADDB60098B549 /* Assets.xcassets in Resources */ = {isa = PBXBuildFile; fileRef = 7C4902EC28DADDB60098B549 /* Assets.xcassets */; };
		7C4902F028DADDB60098B549 /* Preview Assets.xcassets in Resources */ = {isa = PBXBuildFile; fileRef = 7C4902EF28DADDB60098B549 /* Preview Assets.xcassets */; };
		7C4902FA28DADDB70098B549 /* _0220921swiftUItestTests.swift in Sources */ = {isa = PBXBuildFile; fileRef = 7C4902F928DADDB70098B549 /* _0220921swiftUItestTests.swift */; };
		7C49030428DADDB70098B549 /* _0220921swiftUItestUITests.swift in Sources */ = {isa = PBXBuildFile; fileRef = 7C49030328DADDB70098B549 /* _0220921swiftUItestUITests.swift */; };
		7C49030628DADDB70098B549 /* _0220921swiftUItestUITestsLaunchTests.swift in Sources */ = {isa = PBXBuildFile; fileRef = 7C49030528DADDB70098B549 /* _0220921swiftUItestUITestsLaunchTests.swift */; };
/* End PBXBuildFile section */

/* Begin PBXContainerItemProxy section */
		7C4902F628DADDB70098B549 /* PBXContainerItemProxy */ = {
			isa = PBXContainerItemProxy;
			containerPortal = 7C4902DD28DADDB50098B549 /* Project object */;
			proxyType = 1;
			remoteGlobalIDString = 7C4902E428DADDB50098B549;
			remoteInfo = 20220921swiftUItest;
		};
		7C49030028DADDB70098B549 /* PBXContainerItemProxy */ = {
			isa = PBXContainerItemProxy;
			containerPortal = 7C4902DD28DADDB50098B549 /* Project object */;
			proxyType = 1;
			remoteGlobalIDString = 7C4902E428DADDB50098B549;
			remoteInfo = 20220921swiftUItest;
		};
/* End PBXContainerItemProxy section */

/* Begin PBXFileReference section */
		7C4902E528DADDB50098B549 /* 20220921swiftUItest.app */ = {isa = PBXFileReference; explicitFileType = wrapper.application; includeInIndex = 0; path = 20220921swiftUItest.app; sourceTree = BUILT_PRODUCTS_DIR; };
		7C4902E828DADDB50098B549 /* _0220921swiftUItestApp.swift */ = {isa = PBXFileReference; lastKnownFileType = sourcecode.swift; path = _0220921swiftUItestApp.swift; sourceTree = "<group>"; };
		7C4902EA28DADDB50098B549 /* ContentView.swift */ = {isa = PBXFileReference; lastKnownFileType = sourcecode.swift; path = ContentView.swift; sourceTree = "<group>"; };
		7C4902EC28DADDB60098B549 /* Assets.xcassets */ = {isa = PBXFileReference; lastKnownFileType = folder.assetcatalog; path = Assets.xcassets; sourceTree = "<group>"; };
		7C4902EF28DADDB60098B549 /* Preview Assets.xcassets */ = {isa = PBXFileReference; lastKnownFileType = folder.assetcatalog; path = "Preview Assets.xcassets"; sourceTree = "<group>"; };
		7C4902F528DADDB70098B549 /* 20220921swiftUItestTests.xctest */ = {isa = PBXFileReference; explicitFileType = wrapper.cfbundle; includeInIndex = 0; path = 20220921swiftUItestTests.xctest; sourceTree = BUILT_PRODUCTS_DIR; };
		7C4902F928DADDB70098B549 /* _0220921swiftUItestTests.swift */ = {isa = PBXFileReference; lastKnownFileType = sourcecode.swift; path = _0220921swiftUItestTests.swift; sourceTree = "<group>"; };
		7C4902FF28DADDB70098B549 /* 20220921swiftUItestUITests.xctest */ = {isa = PBXFileReference; explicitFileType = wrapper.cfbundle; includeInIndex = 0; path = 20220921swiftUItestUITests.xctest; sourceTree = BUILT_PRODUCTS_DIR; };
		7C49030328DADDB70098B549 /* _0220921swiftUItestUITests.swift */ = {isa = PBXFileReference; lastKnownFileType = sourcecode.swift; path = _0220921swiftUItestUITests.swift; sourceTree = "<group>"; };
		7C49030528DADDB70098B549 /* _0220921swiftUItestUITestsLaunchTests.swift */ = {isa = PBXFileReference; lastKnownFileType = sourcecode.swift; path = _0220921swiftUItestUITestsLaunchTests.swift; sourceTree = "<group>"; };
/* End PBXFileReference section */

/* Begin PBXFrameworksBuildPhase section */
		7C4902E228DADDB50098B549 /* Frameworks */ = {
			isa = PBXFrameworksBuildPhase;
			buildActionMask = 2147483647;
			files = (
			);
			runOnlyForDeploymentPostprocessing = 0;
		};
		7C4902F228DADDB70098B549 /* Frameworks */ = {
			isa = PBXFrameworksBuildPhase;
			buildActionMask = 2147483647;
			files = (
			);
			runOnlyForDeploymentPostprocessing = 0;
		};
		7C4902FC28DADDB70098B549 /* Frameworks */ = {
			isa = PBXFrameworksBuildPhase;
			buildActionMask = 2147483647;
			files = (
			);
			runOnlyForDeploymentPostprocessing = 0;
		};
/* End PBXFrameworksBuildPhase section */

/* Begin PBXGroup section */
		7C4902DC28DADDB50098B549 = {
			isa = PBXGroup;
			children = (
				7C4902E728DADDB50098B549 /* 20220921swiftUItest */,
				7C4902F828DADDB70098B549 /* 20220921swiftUItestTests */,
				7C49030228DADDB70098B549 /* 20220921swiftUItestUITests */,
				7C4902E628DADDB50098B549 /* Products */,
			);
			sourceTree = "<group>";
		};
		7C4902E628DADDB50098B549 /* Products */ = {
			isa = PBXGroup;
			children = (
				7C4902E528DADDB50098B549 /* 20220921swiftUItest.app */,
				7C4902F528DADDB70098B549 /* 20220921swiftUItestTests.xctest */,
				7C4902FF28DADDB70098B549 /* 20220921swiftUItestUITests.xctest */,
			);
			name = Products;
			sourceTree = "<group>";
		};
		7C4902E728DADDB50098B549 /* 20220921swiftUItest */ = {
			isa = PBXGroup;
			children = (
				7C4902E828DADDB50098B549 /* _0220921swiftUItestApp.swift */,
				7C4902EA28DADDB50098B549 /* ContentView.swift */,
				7C4902EC28DADDB60098B549 /* Assets.xcassets */,
				7C4902EE28DADDB60098B549 /* Preview Content */,
			);
			path = 20220921swiftUItest;
			sourceTree = "<group>";
		};
		7C4902EE28DADDB60098B549 /* Preview Content */ = {
			isa = PBXGroup;
			children = (
				7C4902EF28DADDB60098B549 /* Preview Assets.xcassets */,
			);
			path = "Preview Content";
			sourceTree = "<group>";
		};
		7C4902F828DADDB70098B549 /* 20220921swiftUItestTests */ = {
			isa = PBXGroup;
			children = (
				7C4902F928DADDB70098B549 /* _0220921swiftUItestTests.swift */,
			);
			path = 20220921swiftUItestTests;
			sourceTree = "<group>";
		};
		7C49030228DADDB70098B549 /* 20220921swiftUItestUITests */ = {
			isa = PBXGroup;
			children = (
				7C49030328DADDB70098B549 /* _0220921swiftUItestUITests.swift */,
				7C49030528DADDB70098B549 /* _0220921swiftUItestUITestsLaunchTests.swift */,
			);
			path = 20220921swiftUItestUITests;
			sourceTree = "<group>";
		};
/* End PBXGroup section */

/* Begin PBXNativeTarget section */
		7C4902E428DADDB50098B549 /* 20220921swiftUItest */ = {
			isa = PBXNativeTarget;
			buildConfigurationList = 7C49030928DADDB70098B549 /* Build configuration list for PBXNativeTarget "20220921swiftUItest" */;
			buildPhases = (
				7C4902E128DADDB50098B549 /* Sources */,
				7C4902E228DADDB50098B549 /* Frameworks */,
				7C4902E328DADDB50098B549 /* Resources */,
			);
			buildRules = (
			);
			dependencies = (
			);
			name = 20220921swiftUItest;
			productName = 20220921swiftUItest;
			productReference = 7C4902E528DADDB50098B549 /* 20220921swiftUItest.app */;
			productType = "com.apple.product-type.application";
		};
		7C4902F428DADDB70098B549 /* 20220921swiftUItestTests */ = {
			isa = PBXNativeTarget;
			buildConfigurationList = 7C49030C28DADDB70098B549 /* Build configuration list for PBXNativeTarget "20220921swiftUItestTests" */;
			buildPhases = (
				7C4902F128DADDB70098B549 /* Sources */,
				7C4902F228DADDB70098B549 /* Frameworks */,
				7C4902F328DADDB70098B549 /* Resources */,
			);
			buildRules = (
			);
			dependencies = (
				7C4902F728DADDB70098B549 /* PBXTargetDependency */,
			);
			name = 20220921swiftUItestTests;
			productName = 20220921swiftUItestTests;
			productReference = 7C4902F528DADDB70098B549 /* 20220921swiftUItestTests.xctest */;
			productType = "com.apple.product-type.bundle.unit-test";
		};
		7C4902FE28DADDB70098B549 /* 20220921swiftUItestUITests */ = {
			isa = PBXNativeTarget;
			buildConfigurationList = 7C49030F28DADDB70098B549 /* Build configuration list for PBXNativeTarget "20220921swiftUItestUITests" */;
			buildPhases = (
				7C4902FB28DADDB70098B549 /* Sources */,
				7C4902FC28DADDB70098B549 /* Frameworks */,
				7C4902FD28DADDB70098B549 /* Resources */,
			);
			buildRules = (
			);
			dependencies = (
				7C49030128DADDB70098B549 /* PBXTargetDependency */,
			);
			name = 20220921swiftUItestUITests;
			productName = 20220921swiftUItestUITests;
			productReference = 7C4902FF28DADDB70098B549 /* 20220921swiftUItestUITests.xctest */;
			productType = "com.apple.product-type.bundle.ui-testing";
		};
/* End PBXNativeTarget section */

/* Begin PBXProject section */
		7C4902DD28DADDB50098B549 /* Project object */ = {
			isa = PBXProject;
			attributes = {
				BuildIndependentTargetsInParallel = 1;
				LastSwiftUpdateCheck = 1400;
				LastUpgradeCheck = 1400;
				TargetAttributes = {
					7C4902E428DADDB50098B549 = {
						CreatedOnToolsVersion = 14.0;
					};
					7C4902F428DADDB70098B549 = {
						CreatedOnToolsVersion = 14.0;
						TestTargetID = 7C4902E428DADDB50098B549;
					};
					7C4902FE28DADDB70098B549 = {
						CreatedOnToolsVersion = 14.0;
						TestTargetID = 7C4902E428DADDB50098B549;
					};
				};
			};
			buildConfigurationList = 7C4902E028DADDB50098B549 /* Build configuration list for PBXProject "20220921swiftUItest" */;
			compatibilityVersion = "Xcode 14.0";
			developmentRegion = en;
			hasScannedForEncodings = 0;
			knownRegions = (
				en,
				Base,
			);
			mainGroup = 7C4902DC28DADDB50098B549;
			productRefGroup = 7C4902E628DADDB50098B549 /* Products */;
			projectDirPath = "";
			projectRoot = "";
			targets = (
				7C4902E428DADDB50098B549 /* 20220921swiftUItest */,
				7C4902F428DADDB70098B549 /* 20220921swiftUItestTests */,
				7C4902FE28DADDB70098B549 /* 20220921swiftUItestUITests */,
			);
		};
/* End PBXProject section */

/* Begin PBXResourcesBuildPhase section */
		7C4902E328DADDB50098B549 /* Resources */ = {
			isa = PBXResourcesBuildPhase;
			buildActionMask = 2147483647;
			files = (
				7C4902F028DADDB60098B549 /* Preview Assets.xcassets in Resources */,
				7C4902ED28DADDB60098B549 /* Assets.xcassets in Resources */,
			);
			runOnlyForDeploymentPostprocessing = 0;
		};
		7C4902F328DADDB70098B549 /* Resources */ = {
			isa = PBXResourcesBuildPhase;
			buildActionMask = 2147483647;
			files = (
			);
			runOnlyForDeploymentPostprocessing = 0;
		};
		7C4902FD28DADDB70098B549 /* Resources */ = {
			isa = PBXResourcesBuildPhase;
			buildActionMask = 2147483647;
			files = (
			);
			runOnlyForDeploymentPostprocessing = 0;
		};
/* End PBXResourcesBuildPhase section */

/* Begin PBXSourcesBuildPhase section */
		7C4902E128DADDB50098B549 /* Sources */ = {
			isa = PBXSourcesBuildPhase;
			buildActionMask = 2147483647;
			files = (
				7C4902EB28DADDB50098B549 /* ContentView.swift in Sources */,
				7C4902E928DADDB50098B549 /* _0220921swiftUItestApp.swift in Sources */,
			);
			runOnlyForDeploymentPostprocessing = 0;
		};
		7C4902F128DADDB70098B549 /* Sources */ = {
			isa = PBXSourcesBuildPhase;
			buildActionMask = 2147483647;
			files = (
				7C4902FA28DADDB70098B549 /* _0220921swiftUItestTests.swift in Sources */,
			);
			runOnlyForDeploymentPostprocessing = 0;
		};
		7C4902FB28DADDB70098B549 /* Sources */ = {
			isa = PBXSourcesBuildPhase;
			buildActionMask = 2147483647;
			files = (
				7C49030428DADDB70098B549 /* _0220921swiftUItestUITests.swift in Sources */,
				7C49030628DADDB70098B549 /* _0220921swiftUItestUITestsLaunchTests.swift in Sources */,
			);
			runOnlyForDeploymentPostprocessing = 0;
		};
/* End PBXSourcesBuildPhase section */

/* Begin PBXTargetDependency section */
		7C4902F728DADDB70098B549 /* PBXTargetDependency */ = {
			isa = PBXTargetDependency;
			target = 7C4902E428DADDB50098B549 /* 20220921swiftUItest */;
			targetProxy = 7C4902F628DADDB70098B549 /* PBXContainerItemProxy */;
		};
		7C49030128DADDB70098B549 /* PBXTargetDependency */ = {
			isa = PBXTargetDependency;
			target = 7C4902E428DADDB50098B549 /* 20220921swiftUItest */;
			targetProxy = 7C49030028DADDB70098B549 /* PBXContainerItemProxy */;
		};
/* End PBXTargetDependency section */

/* Begin XCBuildConfiguration section */
		7C49030728DADDB70098B549 /* Debug */ = {
			isa = XCBuildConfiguration;
			buildSettings = {
				ALWAYS_SEARCH_USER_PATHS = NO;
				CLANG_ANALYZER_NONNULL = YES;
				CLANG_ANALYZER_NUMBER_OBJECT_CONVERSION = YES_AGGRESSIVE;
				CLANG_CXX_LANGUAGE_STANDARD = "gnu++20";
				CLANG_ENABLE_MODULES = YES;
				CLANG_ENABLE_OBJC_ARC = YES;
				CLANG_ENABLE_OBJC_WEAK = YES;
				CLANG_WARN_BLOCK_CAPTURE_AUTORELEASING = YES;
				CLANG_WARN_BOOL_CONVERSION = YES;
				CLANG_WARN_COMMA = YES;
				CLANG_WARN_CONSTANT_CONVERSION = YES;
				CLANG_WARN_DEPRECATED_OBJC_IMPLEMENTATIONS = YES;
				CLANG_WARN_DIRECT_OBJC_ISA_USAGE = YES_ERROR;
				CLANG_WARN_DOCUMENTATION_COMMENTS = YES;
				CLANG_WARN_EMPTY_BODY = YES;
				CLANG_WARN_ENUM_CONVERSION = YES;
				CLANG_WARN_INFINITE_RECURSION = YES;
				CLANG_WARN_INT_CONVERSION = YES;
				CLANG_WARN_NON_LITERAL_NULL_CONVERSION = YES;
				CLANG_WARN_OBJC_IMPLICIT_RETAIN_SELF = YES;
				CLANG_WARN_OBJC_LITERAL_CONVERSION = YES;
				CLANG_WARN_OBJC_ROOT_CLASS = YES_ERROR;
				CLANG_WARN_QUOTED_INCLUDE_IN_FRAMEWORK_HEADER = YES;
				CLANG_WARN_RANGE_LOOP_ANALYSIS = YES;
				CLANG_WARN_STRICT_PROTOTYPES = YES;
				CLANG_WARN_SUSPICIOUS_MOVE = YES;
				CLANG_WARN_UNGUARDED_AVAILABILITY = YES_AGGRESSIVE;
				CLANG_WARN_UNREACHABLE_CODE = YES;
				CLANG_WARN__DUPLICATE_METHOD_MATCH = YES;
				COPY_PHASE_STRIP = NO;
				DEBUG_INFORMATION_FORMAT = dwarf;
				ENABLE_STRICT_OBJC_MSGSEND = YES;
				ENABLE_TESTABILITY = YES;
				GCC_C_LANGUAGE_STANDARD = gnu11;
				GCC_DYNAMIC_NO_PIC = NO;
				GCC_NO_COMMON_BLOCKS = YES;
				GCC_OPTIMIZATION_LEVEL = 0;
				GCC_PREPROCESSOR_DEFINITIONS = (
					"DEBUG=1",
					"$(inherited)",
				);
				GCC_WARN_64_TO_32_BIT_CONVERSION = YES;
				GCC_WARN_ABOUT_RETURN_TYPE = YES_ERROR;
				GCC_WARN_UNDECLARED_SELECTOR = YES;
				GCC_WARN_UNINITIALIZED_AUTOS = YES_AGGRESSIVE;
				GCC_WARN_UNUSED_FUNCTION = YES;
				GCC_WARN_UNUSED_VARIABLE = YES;
				IPHONEOS_DEPLOYMENT_TARGET = 16.0;
				MTL_ENABLE_DEBUG_INFO = INCLUDE_SOURCE;
				MTL_FAST_MATH = YES;
				ONLY_ACTIVE_ARCH = YES;
				SDKROOT = iphoneos;
				SWIFT_ACTIVE_COMPILATION_CONDITIONS = DEBUG;
				SWIFT_OPTIMIZATION_LEVEL = "-Onone";
			};
			name = Debug;
		};
		7C49030828DADDB70098B549 /* Release */ = {
			isa = XCBuildConfiguration;
			buildSettings = {
				ALWAYS_SEARCH_USER_PATHS = NO;
				CLANG_ANALYZER_NONNULL = YES;
				CLANG_ANALYZER_NUMBER_OBJECT_CONVERSION = YES_AGGRESSIVE;
				CLANG_CXX_LANGUAGE_STANDARD = "gnu++20";
				CLANG_ENABLE_MODULES = YES;
				CLANG_ENABLE_OBJC_ARC = YES;
				CLANG_ENABLE_OBJC_WEAK = YES;
				CLANG_WARN_BLOCK_CAPTURE_AUTORELEASING = YES;
				CLANG_WARN_BOOL_CONVERSION = YES;
				CLANG_WARN_COMMA = YES;
				CLANG_WARN_CONSTANT_CONVERSION = YES;
				CLANG_WARN_DEPRECATED_OBJC_IMPLEMENTATIONS = YES;
				CLANG_WARN_DIRECT_OBJC_ISA_USAGE = YES_ERROR;
				CLANG_WARN_DOCUMENTATION_COMMENTS = YES;
				CLANG_WARN_EMPTY_BODY = YES;
				CLANG_WARN_ENUM_CONVERSION = YES;
				CLANG_WARN_INFINITE_RECURSION = YES;
				CLANG_WARN_INT_CONVERSION = YES;
				CLANG_WARN_NON_LITERAL_NULL_CONVERSION = YES;
				CLANG_WARN_OBJC_IMPLICIT_RETAIN_SELF = YES;
				CLANG_WARN_OBJC_LITERAL_CONVERSION = YES;
				CLANG_WARN_OBJC_ROOT_CLASS = YES_ERROR;
				CLANG_WARN_QUOTED_INCLUDE_IN_FRAMEWORK_HEADER = YES;
				CLANG_WARN_RANGE_LOOP_ANALYSIS = YES;
				CLANG_WARN_STRICT_PROTOTYPES = YES;
				CLANG_WARN_SUSPICIOUS_MOVE = YES;
				CLANG_WARN_UNGUARDED_AVAILABILITY = YES_AGGRESSIVE;
				CLANG_WARN_UNREACHABLE_CODE = YES;
				CLANG_WARN__DUPLICATE_METHOD_MATCH = YES;
				COPY_PHASE_STRIP = NO;
				DEBUG_INFORMATION_FORMAT = "dwarf-with-dsym";
				ENABLE_NS_ASSERTIONS = NO;
				ENABLE_STRICT_OBJC_MSGSEND = YES;
				GCC_C_LANGUAGE_STANDARD = gnu11;
				GCC_NO_COMMON_BLOCKS = YES;
				GCC_WARN_64_TO_32_BIT_CONVERSION = YES;
				GCC_WARN_ABOUT_RETURN_TYPE = YES_ERROR;
				GCC_WARN_UNDECLARED_SELECTOR = YES;
				GCC_WARN_UNINITIALIZED_AUTOS = YES_AGGRESSIVE;
				GCC_WARN_UNUSED_FUNCTION = YES;
				GCC_WARN_UNUSED_VARIABLE = YES;
				IPHONEOS_DEPLOYMENT_TARGET = 16.0;
				MTL_ENABLE_DEBUG_INFO = NO;
				MTL_FAST_MATH = YES;
				SDKROOT = iphoneos;
				SWIFT_COMPILATION_MODE = wholemodule;
				SWIFT_OPTIMIZATION_LEVEL = "-O";
				VALIDATE_PRODUCT = YES;
			};
			name = Release;
		};
		7C49030A28DADDB70098B549 /* Debug */ = {
			isa = XCBuildConfiguration;
			buildSettings = {
				ASSETCATALOG_COMPILER_APPICON_NAME = AppIcon;
				ASSETCATALOG_COMPILER_GLOBAL_ACCENT_COLOR_NAME = AccentColor;
				CODE_SIGN_STYLE = Automatic;
				CURRENT_PROJECT_VERSION = 1;
				DEVELOPMENT_ASSET_PATHS = "\"20220921swiftUItest/Preview Content\"";
				DEVELOPMENT_TEAM = F9L94B5MBK;
				ENABLE_PREVIEWS = YES;
				GENERATE_INFOPLIST_FILE = YES;
				INFOPLIST_KEY_UIApplicationSceneManifest_Generation = YES;
				INFOPLIST_KEY_UIApplicationSupportsIndirectInputEvents = YES;
				INFOPLIST_KEY_UILaunchScreen_Generation = YES;
				INFOPLIST_KEY_UISupportedInterfaceOrientations_iPad = "UIInterfaceOrientationPortrait UIInterfaceOrientationPortraitUpsideDown UIInterfaceOrientationLandscapeLeft UIInterfaceOrientationLandscapeRight";
				INFOPLIST_KEY_UISupportedInterfaceOrientations_iPhone = "UIInterfaceOrientationPortrait UIInterfaceOrientationLandscapeLeft UIInterfaceOrientationLandscapeRight";
				LD_RUNPATH_SEARCH_PATHS = (
					"$(inherited)",
					"@executable_path/Frameworks",
				);
				MARKETING_VERSION = 1.0;
				PRODUCT_BUNDLE_IDENTIFIER = "com.haku.myapp.-0220921swiftUItest";
				PRODUCT_NAME = "$(TARGET_NAME)";
				SWIFT_EMIT_LOC_STRINGS = YES;
				SWIFT_VERSION = 5.0;
				TARGETED_DEVICE_FAMILY = "1,2";
			};
			name = Debug;
		};
		7C49030B28DADDB70098B549 /* Release */ = {
			isa = XCBuildConfiguration;
			buildSettings = {
				ASSETCATALOG_COMPILER_APPICON_NAME = AppIcon;
				ASSETCATALOG_COMPILER_GLOBAL_ACCENT_COLOR_NAME = AccentColor;
				CODE_SIGN_STYLE = Automatic;
				CURRENT_PROJECT_VERSION = 1;
				DEVELOPMENT_ASSET_PATHS = "\"20220921swiftUItest/Preview Content\"";
				DEVELOPMENT_TEAM = F9L94B5MBK;
				ENABLE_PREVIEWS = YES;
				GENERATE_INFOPLIST_FILE = YES;
				INFOPLIST_KEY_UIApplicationSceneManifest_Generation = YES;
				INFOPLIST_KEY_UIApplicationSupportsIndirectInputEvents = YES;
				INFOPLIST_KEY_UILaunchScreen_Generation = YES;
				INFOPLIST_KEY_UISupportedInterfaceOrientations_iPad = "UIInterfaceOrientationPortrait UIInterfaceOrientationPortraitUpsideDown UIInterfaceOrientationLandscapeLeft UIInterfaceOrientationLandscapeRight";
				INFOPLIST_KEY_UISupportedInterfaceOrientations_iPhone = "UIInterfaceOrientationPortrait UIInterfaceOrientationLandscapeLeft UIInterfaceOrientationLandscapeRight";
				LD_RUNPATH_SEARCH_PATHS = (
					"$(inherited)",
					"@executable_path/Frameworks",
				);
				MARKETING_VERSION = 1.0;
				PRODUCT_BUNDLE_IDENTIFIER = "com.haku.myapp.-0220921swiftUItest";
				PRODUCT_NAME = "$(TARGET_NAME)";
				SWIFT_EMIT_LOC_STRINGS = YES;
				SWIFT_VERSION = 5.0;
				TARGETED_DEVICE_FAMILY = "1,2";
			};
			name = Release;
		};
		7C49030D28DADDB70098B549 /* Debug */ = {
			isa = XCBuildConfiguration;
			buildSettings = {
				ALWAYS_EMBED_SWIFT_STANDARD_LIBRARIES = YES;
				BUNDLE_LOADER = "$(TEST_HOST)";
				CODE_SIGN_STYLE = Automatic;
				CURRENT_PROJECT_VERSION = 1;
				DEVELOPMENT_TEAM = F9L94B5MBK;
				GENERATE_INFOPLIST_FILE = YES;
				IPHONEOS_DEPLOYMENT_TARGET = 16.0;
				MARKETING_VERSION = 1.0;
				PRODUCT_BUNDLE_IDENTIFIER = "com.haku.myapp.-0220921swiftUItestTests";
				PRODUCT_NAME = "$(TARGET_NAME)";
				SWIFT_EMIT_LOC_STRINGS = NO;
				SWIFT_VERSION = 5.0;
				TARGETED_DEVICE_FAMILY = "1,2";
				TEST_HOST = "$(BUILT_PRODUCTS_DIR)/20220921swiftUItest.app/$(BUNDLE_EXECUTABLE_FOLDER_PATH)/20220921swiftUItest";
			};
			name = Debug;
		};
		7C49030E28DADDB70098B549 /* Release */ = {
			isa = XCBuildConfiguration;
			buildSettings = {
				ALWAYS_EMBED_SWIFT_STANDARD_LIBRARIES = YES;
				BUNDLE_LOADER = "$(TEST_HOST)";
				CODE_SIGN_STYLE = Automatic;
				CURRENT_PROJECT_VERSION = 1;
				DEVELOPMENT_TEAM = F9L94B5MBK;
				GENERATE_INFOPLIST_FILE = YES;
				IPHONEOS_DEPLOYMENT_TARGET = 16.0;
				MARKETING_VERSION = 1.0;
				PRODUCT_BUNDLE_IDENTIFIER = "com.haku.myapp.-0220921swiftUItestTests";
				PRODUCT_NAME = "$(TARGET_NAME)";
				SWIFT_EMIT_LOC_STRINGS = NO;
				SWIFT_VERSION = 5.0;
				TARGETED_DEVICE_FAMILY = "1,2";
				TEST_HOST = "$(BUILT_PRODUCTS_DIR)/20220921swiftUItest.app/$(BUNDLE_EXECUTABLE_FOLDER_PATH)/20220921swiftUItest";
			};
			name = Release;
		};
		7C49031028DADDB70098B549 /* Debug */ = {
			isa = XCBuildConfiguration;
			buildSettings = {
				ALWAYS_EMBED_SWIFT_STANDARD_LIBRARIES = YES;
				CODE_SIGN_STYLE = Automatic;
				CURRENT_PROJECT_VERSION = 1;
				DEVELOPMENT_TEAM = F9L94B5MBK;
				GENERATE_INFOPLIST_FILE = YES;
				MARKETING_VERSION = 1.0;
				PRODUCT_BUNDLE_IDENTIFIER = "com.haku.myapp.-0220921swiftUItestUITests";
				PRODUCT_NAME = "$(TARGET_NAME)";
				SWIFT_EMIT_LOC_STRINGS = NO;
				SWIFT_VERSION = 5.0;
				TARGETED_DEVICE_FAMILY = "1,2";
				TEST_TARGET_NAME = 20220921swiftUItest;
			};
			name = Debug;
		};
		7C49031128DADDB70098B549 /* Release */ = {
			isa = XCBuildConfiguration;
			buildSettings = {
				ALWAYS_EMBED_SWIFT_STANDARD_LIBRARIES = YES;
				CODE_SIGN_STYLE = Automatic;
				CURRENT_PROJECT_VERSION = 1;
				DEVELOPMENT_TEAM = F9L94B5MBK;
				GENERATE_INFOPLIST_FILE = YES;
				MARKETING_VERSION = 1.0;
				PRODUCT_BUNDLE_IDENTIFIER = "com.haku.myapp.-0220921swiftUItestUITests";
				PRODUCT_NAME = "$(TARGET_NAME)";
				SWIFT_EMIT_LOC_STRINGS = NO;
				SWIFT_VERSION = 5.0;
				TARGETED_DEVICE_FAMILY = "1,2";
				TEST_TARGET_NAME = 20220921swiftUItest;
			};
			name = Release;
		};
/* End XCBuildConfiguration section */

/* Begin XCConfigurationList section */
		7C4902E028DADDB50098B549 /* Build configuration list for PBXProject "20220921swiftUItest" */ = {
			isa = XCConfigurationList;
			buildConfigurations = (
				7C49030728DADDB70098B549 /* Debug */,
				7C49030828DADDB70098B549 /* Release */,
			);
			defaultConfigurationIsVisible = 0;
			defaultConfigurationName = Release;
		};
		7C49030928DADDB70098B549 /* Build configuration list for PBXNativeTarget "20220921swiftUItest" */ = {
			isa = XCConfigurationList;
			buildConfigurations = (
				7C49030A28DADDB70098B549 /* Debug */,
				7C49030B28DADDB70098B549 /* Release */,
			);
			defaultConfigurationIsVisible = 0;
			defaultConfigurationName = Release;
		};
		7C49030C28DADDB70098B549 /* Build configuration list for PBXNativeTarget "20220921swiftUItestTests" */ = {
			isa = XCConfigurationList;
			buildConfigurations = (
				7C49030D28DADDB70098B549 /* Debug */,
				7C49030E28DADDB70098B549 /* Release */,
			);
			defaultConfigurationIsVisible = 0;
			defaultConfigurationName = Release;
		};
		7C49030F28DADDB70098B549 /* Build configuration list for PBXNativeTarget "20220921swiftUItestUITests" */ = {
			isa = XCConfigurationList;
			buildConfigurations = (
				7C49031028DADDB70098B549 /* Debug */,
				7C49031128DADDB70098B549 /* Release */,
			);
			defaultConfigurationIsVisible = 0;
			defaultConfigurationName = Release;
		};
/* End XCConfigurationList section */
	};
	rootObject = 7C4902DD28DADDB50098B549 /* Project object */;
}
